
Microsoft Visual Studio Solution File, Format Version 12.00
# Visual Studio Version 17
VisualStudioVersion = 17.6.33717.318
MinimumVisualStudioVersion = 10.0.40219.1
Project("{FAE04EC0-301F-11D3-BF4B-00C04F79EFBC}") = "Rarity", "Rarity\Rarity.csproj", "{BE7D5F82-B800-42B1-98D1-3B5D9DA9E435}"
EndProject
Global
	GlobalSection(SolutionConfigurationPlatforms) = preSolution
		Debug|Any CPU = Debug|Any CPU
		Release|Any CPU = Release|Any CPU
	EndGlobalSection
	GlobalSection(ProjectConfigurationPlatforms) = postSolution
		{BE7D5F82-B800-42B1-98D1-3B5D9DA9E435}.Debug|Any CPU.ActiveCfg = Debug|Any CPU
		{BE7D5F82-B800-42B1-98D1-3B5D9DA9E435}.Debug|Any CPU.Build.0 = Debug|Any CPU
		{BE7D5F82-B800-42B1-98D1-3B5D9DA9E435}.Release|Any CPU.ActiveCfg = Release|Any CPU
		{BE7D5F82-B800-42B1-98D1-3B5D9DA9E435}.Release|Any CPU.Build.0 = Release|Any CPU
	EndGlobalSection
	GlobalSection(SolutionProperties) = preSolution
		HideSolutionNode = FALSE
	EndGlobalSection
	GlobalSection(ExtensibilityGlobals) = postSolution
		SolutionGuid = {77C0DA26-4D43-4864-95DC-09ECE95C73E0}
	EndGlobalSection
EndGlobal
